{
  "version": 4,
  "terraform_version": "1.12.0",
  "serial": 136,
  "lineage": "c5974e66-b604-7236-bd0f-339f79a432ff",
  "outputs": {},
  "resources": [
    {
      "module": "module.compute",
      "mode": "managed",
      "type": "azurerm_public_ip",
      "name": "pip_vm_webapp",
      "provider": "provider[\"registry.terraform.io/hashicorp/azurerm\"]",
      "instances": [
        {
          "index_key": 0,
          "schema_version": 0,
          "attributes": {
            "allocation_method": "Static",
            "ddos_protection_mode": "VirtualNetworkInherited",
            "ddos_protection_plan_id": null,
            "domain_name_label": null,
            "domain_name_label_scope": null,
            "edge_zone": "",
            "fqdn": null,
            "id": "/subscriptions/2c58f186-d2f5-4a88-b700-e54dd3526d6d/resourceGroups/rg-dev-mywebapp/providers/Microsoft.Network/publicIPAddresses/pip-dev-mywebapp-web01",
            "idle_timeout_in_minutes": 4,
            "ip_address": "40.78.190.138",
            "ip_tags": null,
            "ip_version": "IPv4",
            "location": "centralus",
            "name": "pip-dev-mywebapp-web01",
            "public_ip_prefix_id": null,
            "resource_group_name": "rg-dev-mywebapp",
            "reverse_fqdn": null,
            "sku": "Standard",
            "sku_tier": "Regional",
            "tags": null,
            "timeouts": null,
            "zones": null
          },
          "sensitive_attributes": [],
          "identity_schema_version": 0,
          "private": "eyJlMmJmYjczMC1lY2FhLTExZTYtOGY4OC0zNDM2M2JjN2M0YzAiOnsiY3JlYXRlIjoxODAwMDAwMDAwMDAwLCJkZWxldGUiOjE4MDAwMDAwMDAwMDAsInJlYWQiOjMwMDAwMDAwMDAwMCwidXBkYXRlIjoxODAwMDAwMDAwMDAwfX0=",
          "dependencies": [
            "module.network.azurerm_resource_group.rg_webapp"
          ]
        }
      ]
    },
    {
      "module": "module.network",
      "mode": "managed",
      "type": "azurerm_bastion_host",
      "name": "bastion_webapp_vnet",
      "provider": "provider[\"registry.terraform.io/hashicorp/azurerm\"]",
      "instances": [
        {
          "index_key": 0,
          "schema_version": 0,
          "attributes": {
            "copy_paste_enabled": true,
            "dns_name": "bst-df2fe203-27dd-47a2-8eb5-c4f830b59786.bastion.azure.com",
            "file_copy_enabled": false,
            "id": "/subscriptions/2c58f186-d2f5-4a88-b700-e54dd3526d6d/resourceGroups/rg-dev-mywebapp/providers/Microsoft.Network/bastionHosts/bastion-dev",
            "ip_configuration": [
              {
                "name": "bastion-ip-config",
                "public_ip_address_id": "/subscriptions/2c58f186-d2f5-4a88-b700-e54dd3526d6d/resourceGroups/rg-dev-mywebapp/providers/Microsoft.Network/publicIPAddresses/pip-bastion-dev",
                "subnet_id": "/subscriptions/2c58f186-d2f5-4a88-b700-e54dd3526d6d/resourceGroups/rg-dev-mywebapp/providers/Microsoft.Network/virtualNetworks/vnet-dev-mywebapp/subnets/AzureBastionSubnet"
              }
            ],
            "ip_connect_enabled": false,
            "kerberos_enabled": false,
            "location": "centralus",
            "name": "bastion-dev",
            "resource_group_name": "rg-dev-mywebapp",
            "scale_units": 2,
            "session_recording_enabled": false,
            "shareable_link_enabled": false,
            "sku": "Basic",
            "tags": {},
            "timeouts": null,
            "tunneling_enabled": false,
            "virtual_network_id": "",
            "zones": []
          },
          "sensitive_attributes": [],
          "identity_schema_version": 0,
          "private": "eyJlMmJmYjczMC1lY2FhLTExZTYtOGY4OC0zNDM2M2JjN2M0YzAiOnsiY3JlYXRlIjoxODAwMDAwMDAwMDAwLCJkZWxldGUiOjE4MDAwMDAwMDAwMDAsInJlYWQiOjMwMDAwMDAwMDAwMCwidXBkYXRlIjoxODAwMDAwMDAwMDAwfX0=",
          "dependencies": [
            "module.network.azurerm_public_ip.pip_webapp_vnet_bastion",
            "module.network.azurerm_resource_group.rg_webapp",
            "module.network.azurerm_subnet.subnets_webapp_vnet",
            "module.network.azurerm_virtual_network.vnet_webapp"
          ]
        }
      ]
    },
    {
      "module": "module.network",
      "mode": "managed",
      "type": "azurerm_network_security_group",
      "name": "nsg_compute_subnet",
      "provider": "provider[\"registry.terraform.io/hashicorp/azurerm\"]",
      "instances": [
        {
          "schema_version": 0,
          "attributes": {
            "id": "/subscriptions/2c58f186-d2f5-4a88-b700-e54dd3526d6d/resourceGroups/rg-dev-mywebapp/providers/Microsoft.Network/networkSecurityGroups/nsg-allow-22-80-443",
            "location": "centralus",
            "name": "nsg-allow-22-80-443",
            "resource_group_name": "rg-dev-mywebapp",
            "security_rule": [
              {
                "access": "Allow",
                "description": "",
                "destination_address_prefix": "*",
                "destination_address_prefixes": [],
                "destination_application_security_group_ids": [],
                "destination_port_range": "22",
                "destination_port_ranges": [],
                "direction": "Inbound",
                "name": "allow-ssh",
                "priority": 102,
                "protocol": "*",
                "source_address_prefix": "*",
                "source_address_prefixes": [],
                "source_application_security_group_ids": [],
                "source_port_range": "*",
                "source_port_ranges": []
              },
              {
                "access": "Allow",
                "description": "",
                "destination_address_prefix": "*",
                "destination_address_prefixes": [],
                "destination_application_security_group_ids": [],
                "destination_port_range": "443",
                "destination_port_ranges": [],
                "direction": "Inbound",
                "name": "allow-https",
                "priority": 101,
                "protocol": "*",
                "source_address_prefix": "*",
                "source_address_prefixes": [],
                "source_application_security_group_ids": [],
                "source_port_range": "*",
                "source_port_ranges": []
              },
              {
                "access": "Allow",
                "description": "",
                "destination_address_prefix": "*",
                "destination_address_prefixes": [],
                "destination_application_security_group_ids": [],
                "destination_port_range": "80",
                "destination_port_ranges": [],
                "direction": "Inbound",
                "name": "allow-http",
                "priority": 100,
                "protocol": "*",
                "source_address_prefix": "*",
                "source_address_prefixes": [],
                "source_application_security_group_ids": [],
                "source_port_range": "*",
                "source_port_ranges": []
              }
            ],
            "tags": {},
            "timeouts": null
          },
          "sensitive_attributes": [],
          "identity_schema_version": 0,
          "private": "eyJlMmJmYjczMC1lY2FhLTExZTYtOGY4OC0zNDM2M2JjN2M0YzAiOnsiY3JlYXRlIjoxODAwMDAwMDAwMDAwLCJkZWxldGUiOjE4MDAwMDAwMDAwMDAsInJlYWQiOjMwMDAwMDAwMDAwMCwidXBkYXRlIjoxODAwMDAwMDAwMDAwfX0=",
          "dependencies": [
            "module.network.azurerm_resource_group.rg_webapp"
          ]
        }
      ]
    },
    {
      "module": "module.network",
      "mode": "managed",
      "type": "azurerm_network_security_group",
      "name": "nsg_db_subnet",
      "provider": "provider[\"registry.terraform.io/hashicorp/azurerm\"]",
      "instances": [
        {
          "schema_version": 0,
          "attributes": {
            "id": "/subscriptions/2c58f186-d2f5-4a88-b700-e54dd3526d6d/resourceGroups/rg-dev-mywebapp/providers/Microsoft.Network/networkSecurityGroups/nsg-db-subnet",
            "location": "centralus",
            "name": "nsg-db-subnet",
            "resource_group_name": "rg-dev-mywebapp",
            "security_rule": [
              {
                "access": "Allow",
                "description": "",
                "destination_address_prefix": "*",
                "destination_address_prefixes": [],
                "destination_application_security_group_ids": [],
                "destination_port_range": "3306",
                "destination_port_ranges": [],
                "direction": "Inbound",
                "name": "allow-mysql",
                "priority": 200,
                "protocol": "Tcp",
                "source_address_prefix": "*",
                "source_address_prefixes": [],
                "source_application_security_group_ids": [],
                "source_port_range": "*",
                "source_port_ranges": []
              }
            ],
            "tags": {},
            "timeouts": null
          },
          "sensitive_attributes": [],
          "identity_schema_version": 0,
          "private": "eyJlMmJmYjczMC1lY2FhLTExZTYtOGY4OC0zNDM2M2JjN2M0YzAiOnsiY3JlYXRlIjoxODAwMDAwMDAwMDAwLCJkZWxldGUiOjE4MDAwMDAwMDAwMDAsInJlYWQiOjMwMDAwMDAwMDAwMCwidXBkYXRlIjoxODAwMDAwMDAwMDAwfX0=",
          "dependencies": [
            "module.network.azurerm_resource_group.rg_webapp"
          ]
        }
      ]
    },
    {
      "module": "module.network",
      "mode": "managed",
      "type": "azurerm_network_security_rule",
      "name": "nsg_compute_subnet_rules",
      "provider": "provider[\"registry.terraform.io/hashicorp/azurerm\"]",
      "instances": [
        {
          "index_key": "http",
          "schema_version": 0,
          "attributes": {
            "access": "Allow",
            "description": "",
            "destination_address_prefix": "*",
            "destination_address_prefixes": [],
            "destination_application_security_group_ids": [],
            "destination_port_range": "80",
            "destination_port_ranges": [],
            "direction": "Inbound",
            "id": "/subscriptions/2c58f186-d2f5-4a88-b700-e54dd3526d6d/resourceGroups/rg-dev-mywebapp/providers/Microsoft.Network/networkSecurityGroups/nsg-allow-22-80-443/securityRules/allow-http",
            "name": "allow-http",
            "network_security_group_name": "nsg-allow-22-80-443",
            "priority": 100,
            "protocol": "*",
            "resource_group_name": "rg-dev-mywebapp",
            "source_address_prefix": "*",
            "source_address_prefixes": [],
            "source_application_security_group_ids": [],
            "source_port_range": "*",
            "source_port_ranges": [],
            "timeouts": null
          },
          "sensitive_attributes": [],
          "identity_schema_version": 0,
          "private": "eyJlMmJmYjczMC1lY2FhLTExZTYtOGY4OC0zNDM2M2JjN2M0YzAiOnsiY3JlYXRlIjoxODAwMDAwMDAwMDAwLCJkZWxldGUiOjE4MDAwMDAwMDAwMDAsInJlYWQiOjMwMDAwMDAwMDAwMCwidXBkYXRlIjoxODAwMDAwMDAwMDAwfX0=",
          "dependencies": [
            "module.network.azurerm_network_security_group.nsg_compute_subnet",
            "module.network.azurerm_resource_group.rg_webapp"
          ]
        },
        {
          "index_key": "https",
          "schema_version": 0,
          "attributes": {
            "access": "Allow",
            "description": "",
            "destination_address_prefix": "*",
            "destination_address_prefixes": [],
            "destination_application_security_group_ids": [],
            "destination_port_range": "443",
            "destination_port_ranges": [],
            "direction": "Inbound",
            "id": "/subscriptions/2c58f186-d2f5-4a88-b700-e54dd3526d6d/resourceGroups/rg-dev-mywebapp/providers/Microsoft.Network/networkSecurityGroups/nsg-allow-22-80-443/securityRules/allow-https",
            "name": "allow-https",
            "network_security_group_name": "nsg-allow-22-80-443",
            "priority": 101,
            "protocol": "*",
            "resource_group_name": "rg-dev-mywebapp",
            "source_address_prefix": "*",
            "source_address_prefixes": [],
            "source_application_security_group_ids": [],
            "source_port_range": "*",
            "source_port_ranges": [],
            "timeouts": null
          },
          "sensitive_attributes": [],
          "identity_schema_version": 0,
          "private": "eyJlMmJmYjczMC1lY2FhLTExZTYtOGY4OC0zNDM2M2JjN2M0YzAiOnsiY3JlYXRlIjoxODAwMDAwMDAwMDAwLCJkZWxldGUiOjE4MDAwMDAwMDAwMDAsInJlYWQiOjMwMDAwMDAwMDAwMCwidXBkYXRlIjoxODAwMDAwMDAwMDAwfX0=",
          "dependencies": [
            "module.network.azurerm_network_security_group.nsg_compute_subnet",
            "module.network.azurerm_resource_group.rg_webapp"
          ]
        },
        {
          "index_key": "ssh",
          "schema_version": 0,
          "attributes": {
            "access": "Allow",
            "description": "",
            "destination_address_prefix": "*",
            "destination_address_prefixes": [],
            "destination_application_security_group_ids": [],
            "destination_port_range": "22",
            "destination_port_ranges": [],
            "direction": "Inbound",
            "id": "/subscriptions/2c58f186-d2f5-4a88-b700-e54dd3526d6d/resourceGroups/rg-dev-mywebapp/providers/Microsoft.Network/networkSecurityGroups/nsg-allow-22-80-443/securityRules/allow-ssh",
            "name": "allow-ssh",
            "network_security_group_name": "nsg-allow-22-80-443",
            "priority": 102,
            "protocol": "*",
            "resource_group_name": "rg-dev-mywebapp",
            "source_address_prefix": "*",
            "source_address_prefixes": [],
            "source_application_security_group_ids": [],
            "source_port_range": "*",
            "source_port_ranges": [],
            "timeouts": null
          },
          "sensitive_attributes": [],
          "identity_schema_version": 0,
          "private": "eyJlMmJmYjczMC1lY2FhLTExZTYtOGY4OC0zNDM2M2JjN2M0YzAiOnsiY3JlYXRlIjoxODAwMDAwMDAwMDAwLCJkZWxldGUiOjE4MDAwMDAwMDAwMDAsInJlYWQiOjMwMDAwMDAwMDAwMCwidXBkYXRlIjoxODAwMDAwMDAwMDAwfX0=",
          "dependencies": [
            "module.network.azurerm_network_security_group.nsg_compute_subnet",
            "module.network.azurerm_resource_group.rg_webapp"
          ]
        }
      ]
    },
    {
      "module": "module.network",
      "mode": "managed",
      "type": "azurerm_network_security_rule",
      "name": "nsg_db_subnet_rules",
      "provider": "provider[\"registry.terraform.io/hashicorp/azurerm\"]",
      "instances": [
        {
          "index_key": "mysql",
          "schema_version": 0,
          "attributes": {
            "access": "Allow",
            "description": "",
            "destination_address_prefix": "*",
            "destination_address_prefixes": [],
            "destination_application_security_group_ids": [],
            "destination_port_range": "3306",
            "destination_port_ranges": [],
            "direction": "Inbound",
            "id": "/subscriptions/2c58f186-d2f5-4a88-b700-e54dd3526d6d/resourceGroups/rg-dev-mywebapp/providers/Microsoft.Network/networkSecurityGroups/nsg-db-subnet/securityRules/allow-mysql",
            "name": "allow-mysql",
            "network_security_group_name": "nsg-db-subnet",
            "priority": 200,
            "protocol": "Tcp",
            "resource_group_name": "rg-dev-mywebapp",
            "source_address_prefix": "*",
            "source_address_prefixes": [],
            "source_application_security_group_ids": [],
            "source_port_range": "*",
            "source_port_ranges": [],
            "timeouts": null
          },
          "sensitive_attributes": [],
          "identity_schema_version": 0,
          "private": "eyJlMmJmYjczMC1lY2FhLTExZTYtOGY4OC0zNDM2M2JjN2M0YzAiOnsiY3JlYXRlIjoxODAwMDAwMDAwMDAwLCJkZWxldGUiOjE4MDAwMDAwMDAwMDAsInJlYWQiOjMwMDAwMDAwMDAwMCwidXBkYXRlIjoxODAwMDAwMDAwMDAwfX0=",
          "dependencies": [
            "module.network.azurerm_network_security_group.nsg_db_subnet",
            "module.network.azurerm_resource_group.rg_webapp"
          ]
        }
      ]
    },
    {
      "module": "module.network",
      "mode": "managed",
      "type": "azurerm_public_ip",
      "name": "pip_webapp_vnet_bastion",
      "provider": "provider[\"registry.terraform.io/hashicorp/azurerm\"]",
      "instances": [
        {
          "index_key": 0,
          "schema_version": 0,
          "attributes": {
            "allocation_method": "Static",
            "ddos_protection_mode": "VirtualNetworkInherited",
            "ddos_protection_plan_id": null,
            "domain_name_label": null,
            "domain_name_label_scope": null,
            "edge_zone": "",
            "fqdn": null,
            "id": "/subscriptions/2c58f186-d2f5-4a88-b700-e54dd3526d6d/resourceGroups/rg-dev-mywebapp/providers/Microsoft.Network/publicIPAddresses/pip-bastion-dev",
            "idle_timeout_in_minutes": 4,
            "ip_address": "135.119.65.89",
            "ip_tags": {},
            "ip_version": "IPv4",
            "location": "centralus",
            "name": "pip-bastion-dev",
            "public_ip_prefix_id": null,
            "resource_group_name": "rg-dev-mywebapp",
            "reverse_fqdn": null,
            "sku": "Standard",
            "sku_tier": "Regional",
            "tags": {},
            "timeouts": null,
            "zones": []
          },
          "sensitive_attributes": [],
          "identity_schema_version": 0,
          "private": "eyJlMmJmYjczMC1lY2FhLTExZTYtOGY4OC0zNDM2M2JjN2M0YzAiOnsiY3JlYXRlIjoxODAwMDAwMDAwMDAwLCJkZWxldGUiOjE4MDAwMDAwMDAwMDAsInJlYWQiOjMwMDAwMDAwMDAwMCwidXBkYXRlIjoxODAwMDAwMDAwMDAwfX0=",
          "dependencies": [
            "module.network.azurerm_resource_group.rg_webapp"
          ]
        }
      ]
    },
    {
      "module": "module.network",
      "mode": "managed",
      "type": "azurerm_resource_group",
      "name": "rg_webapp",
      "provider": "provider[\"registry.terraform.io/hashicorp/azurerm\"]",
      "instances": [
        {
          "schema_version": 0,
          "attributes": {
            "id": "/subscriptions/2c58f186-d2f5-4a88-b700-e54dd3526d6d/resourceGroups/rg-dev-mywebapp",
            "location": "centralus",
            "managed_by": "",
            "name": "rg-dev-mywebapp",
            "tags": {},
            "timeouts": null
          },
          "sensitive_attributes": [],
          "identity_schema_version": 0,
          "private": "eyJlMmJmYjczMC1lY2FhLTExZTYtOGY4OC0zNDM2M2JjN2M0YzAiOnsiY3JlYXRlIjo1NDAwMDAwMDAwMDAwLCJkZWxldGUiOjU0MDAwMDAwMDAwMDAsInJlYWQiOjMwMDAwMDAwMDAwMCwidXBkYXRlIjo1NDAwMDAwMDAwMDAwfX0="
        }
      ]
    },
    {
      "module": "module.network",
      "mode": "managed",
      "type": "azurerm_subnet",
      "name": "subnets_webapp_vnet",
      "provider": "provider[\"registry.terraform.io/hashicorp/azurerm\"]",
      "instances": [
        {
          "index_key": "AzureBastionSubnet",
          "schema_version": 0,
          "attributes": {
            "address_prefixes": [
              "10.0.3.0/24"
            ],
            "default_outbound_access_enabled": true,
            "delegation": [],
            "id": "/subscriptions/2c58f186-d2f5-4a88-b700-e54dd3526d6d/resourceGroups/rg-dev-mywebapp/providers/Microsoft.Network/virtualNetworks/vnet-dev-mywebapp/subnets/AzureBastionSubnet",
            "name": "AzureBastionSubnet",
            "private_endpoint_network_policies": "Disabled",
            "private_link_service_network_policies_enabled": true,
            "resource_group_name": "rg-dev-mywebapp",
            "service_endpoint_policy_ids": [],
            "service_endpoints": [],
            "timeouts": null,
            "virtual_network_name": "vnet-dev-mywebapp"
          },
          "sensitive_attributes": [],
          "identity_schema_version": 0,
          "private": "eyJlMmJmYjczMC1lY2FhLTExZTYtOGY4OC0zNDM2M2JjN2M0YzAiOnsiY3JlYXRlIjoxODAwMDAwMDAwMDAwLCJkZWxldGUiOjE4MDAwMDAwMDAwMDAsInJlYWQiOjMwMDAwMDAwMDAwMCwidXBkYXRlIjoxODAwMDAwMDAwMDAwfX0=",
          "dependencies": [
            "module.network.azurerm_resource_group.rg_webapp",
            "module.network.azurerm_virtual_network.vnet_webapp"
          ]
        },
        {
          "index_key": "compute-subnet",
          "schema_version": 0,
          "attributes": {
            "address_prefixes": [
              "10.0.2.0/24"
            ],
            "default_outbound_access_enabled": true,
            "delegation": [],
            "id": "/subscriptions/2c58f186-d2f5-4a88-b700-e54dd3526d6d/resourceGroups/rg-dev-mywebapp/providers/Microsoft.Network/virtualNetworks/vnet-dev-mywebapp/subnets/compute-subnet",
            "name": "compute-subnet",
            "private_endpoint_network_policies": "Disabled",
            "private_link_service_network_policies_enabled": true,
            "resource_group_name": "rg-dev-mywebapp",
            "service_endpoint_policy_ids": [],
            "service_endpoints": [],
            "timeouts": null,
            "virtual_network_name": "vnet-dev-mywebapp"
          },
          "sensitive_attributes": [],
          "identity_schema_version": 0,
          "private": "eyJlMmJmYjczMC1lY2FhLTExZTYtOGY4OC0zNDM2M2JjN2M0YzAiOnsiY3JlYXRlIjoxODAwMDAwMDAwMDAwLCJkZWxldGUiOjE4MDAwMDAwMDAwMDAsInJlYWQiOjMwMDAwMDAwMDAwMCwidXBkYXRlIjoxODAwMDAwMDAwMDAwfX0=",
          "dependencies": [
            "module.network.azurerm_resource_group.rg_webapp",
            "module.network.azurerm_virtual_network.vnet_webapp"
          ]
        },
        {
          "index_key": "db-subnet",
          "schema_version": 0,
          "attributes": {
            "address_prefixes": [
              "10.0.4.0/24"
            ],
            "default_outbound_access_enabled": true,
            "delegation": [],
            "id": "/subscriptions/2c58f186-d2f5-4a88-b700-e54dd3526d6d/resourceGroups/rg-dev-mywebapp/providers/Microsoft.Network/virtualNetworks/vnet-dev-mywebapp/subnets/db-subnet",
            "name": "db-subnet",
            "private_endpoint_network_policies": "Disabled",
            "private_link_service_network_policies_enabled": true,
            "resource_group_name": "rg-dev-mywebapp",
            "service_endpoint_policy_ids": [],
            "service_endpoints": [],
            "timeouts": null,
            "virtual_network_name": "vnet-dev-mywebapp"
          },
          "sensitive_attributes": [],
          "identity_schema_version": 0,
          "private": "eyJlMmJmYjczMC1lY2FhLTExZTYtOGY4OC0zNDM2M2JjN2M0YzAiOnsiY3JlYXRlIjoxODAwMDAwMDAwMDAwLCJkZWxldGUiOjE4MDAwMDAwMDAwMDAsInJlYWQiOjMwMDAwMDAwMDAwMCwidXBkYXRlIjoxODAwMDAwMDAwMDAwfX0=",
          "dependencies": [
            "module.network.azurerm_resource_group.rg_webapp",
            "module.network.azurerm_virtual_network.vnet_webapp"
          ]
        }
      ]
    },
    {
      "module": "module.network",
      "mode": "managed",
      "type": "azurerm_subnet_network_security_group_association",
      "name": "nsg_compute_subnet_assocation",
      "provider": "provider[\"registry.terraform.io/hashicorp/azurerm\"]",
      "instances": [
        {
          "schema_version": 0,
          "attributes": {
            "id": "/subscriptions/2c58f186-d2f5-4a88-b700-e54dd3526d6d/resourceGroups/rg-dev-mywebapp/providers/Microsoft.Network/virtualNetworks/vnet-dev-mywebapp/subnets/compute-subnet",
            "network_security_group_id": "/subscriptions/2c58f186-d2f5-4a88-b700-e54dd3526d6d/resourceGroups/rg-dev-mywebapp/providers/Microsoft.Network/networkSecurityGroups/nsg-allow-22-80-443",
            "subnet_id": "/subscriptions/2c58f186-d2f5-4a88-b700-e54dd3526d6d/resourceGroups/rg-dev-mywebapp/providers/Microsoft.Network/virtualNetworks/vnet-dev-mywebapp/subnets/compute-subnet",
            "timeouts": null
          },
          "sensitive_attributes": [],
          "identity_schema_version": 0,
          "private": "eyJlMmJmYjczMC1lY2FhLTExZTYtOGY4OC0zNDM2M2JjN2M0YzAiOnsiY3JlYXRlIjoxODAwMDAwMDAwMDAwLCJkZWxldGUiOjE4MDAwMDAwMDAwMDAsInJlYWQiOjMwMDAwMDAwMDAwMH19",
          "dependencies": [
            "module.network.azurerm_network_security_group.nsg_compute_subnet",
            "module.network.azurerm_resource_group.rg_webapp",
            "module.network.azurerm_subnet.subnets_webapp_vnet",
            "module.network.azurerm_virtual_network.vnet_webapp"
          ]
        }
      ]
    },
    {
      "module": "module.network",
      "mode": "managed",
      "type": "azurerm_subnet_network_security_group_association",
      "name": "nsg_db_subnet_association",
      "provider": "provider[\"registry.terraform.io/hashicorp/azurerm\"]",
      "instances": [
        {
          "schema_version": 0,
          "attributes": {
            "id": "/subscriptions/2c58f186-d2f5-4a88-b700-e54dd3526d6d/resourceGroups/rg-dev-mywebapp/providers/Microsoft.Network/virtualNetworks/vnet-dev-mywebapp/subnets/db-subnet",
            "network_security_group_id": "/subscriptions/2c58f186-d2f5-4a88-b700-e54dd3526d6d/resourceGroups/rg-dev-mywebapp/providers/Microsoft.Network/networkSecurityGroups/nsg-db-subnet",
            "subnet_id": "/subscriptions/2c58f186-d2f5-4a88-b700-e54dd3526d6d/resourceGroups/rg-dev-mywebapp/providers/Microsoft.Network/virtualNetworks/vnet-dev-mywebapp/subnets/db-subnet",
            "timeouts": null
          },
          "sensitive_attributes": [],
          "identity_schema_version": 0,
          "private": "eyJlMmJmYjczMC1lY2FhLTExZTYtOGY4OC0zNDM2M2JjN2M0YzAiOnsiY3JlYXRlIjoxODAwMDAwMDAwMDAwLCJkZWxldGUiOjE4MDAwMDAwMDAwMDAsInJlYWQiOjMwMDAwMDAwMDAwMH19",
          "dependencies": [
            "module.network.azurerm_network_security_group.nsg_db_subnet",
            "module.network.azurerm_resource_group.rg_webapp",
            "module.network.azurerm_subnet.subnets_webapp_vnet",
            "module.network.azurerm_virtual_network.vnet_webapp"
          ]
        }
      ]
    },
    {
      "module": "module.network",
      "mode": "managed",
      "type": "azurerm_virtual_network",
      "name": "vnet_webapp",
      "provider": "provider[\"registry.terraform.io/hashicorp/azurerm\"]",
      "instances": [
        {
          "schema_version": 0,
          "attributes": {
            "address_space": [
              "10.0.0.0/16"
            ],
            "bgp_community": "",
            "ddos_protection_plan": [],
            "dns_servers": [],
            "edge_zone": "",
            "encryption": [],
            "flow_timeout_in_minutes": 0,
            "guid": "fdf1638d-9a1a-4877-a157-ef2a2802ae5e",
            "id": "/subscriptions/2c58f186-d2f5-4a88-b700-e54dd3526d6d/resourceGroups/rg-dev-mywebapp/providers/Microsoft.Network/virtualNetworks/vnet-dev-mywebapp",
            "location": "centralus",
            "name": "vnet-dev-mywebapp",
            "private_endpoint_vnet_policies": "Disabled",
            "resource_group_name": "rg-dev-mywebapp",
            "subnet": [
              {
                "address_prefixes": [
                  "10.0.2.0/24"
                ],
                "default_outbound_access_enabled": true,
                "delegation": [],
                "id": "/subscriptions/2c58f186-d2f5-4a88-b700-e54dd3526d6d/resourceGroups/rg-dev-mywebapp/providers/Microsoft.Network/virtualNetworks/vnet-dev-mywebapp/subnets/compute-subnet",
                "name": "compute-subnet",
                "private_endpoint_network_policies": "Disabled",
                "private_link_service_network_policies_enabled": true,
                "route_table_id": "",
                "security_group": "/subscriptions/2c58f186-d2f5-4a88-b700-e54dd3526d6d/resourceGroups/rg-dev-mywebapp/providers/Microsoft.Network/networkSecurityGroups/nsg-allow-22-80-443",
                "service_endpoint_policy_ids": [],
                "service_endpoints": []
              },
              {
                "address_prefixes": [
                  "10.0.3.0/27"
                ],
                "default_outbound_access_enabled": true,
                "delegation": [],
                "id": "/subscriptions/2c58f186-d2f5-4a88-b700-e54dd3526d6d/resourceGroups/rg-dev-mywebapp/providers/Microsoft.Network/virtualNetworks/vnet-dev-mywebapp/subnets/AzureBastionSubnet",
                "name": "AzureBastionSubnet",
                "private_endpoint_network_policies": "Disabled",
                "private_link_service_network_policies_enabled": true,
                "route_table_id": "",
                "security_group": "",
                "service_endpoint_policy_ids": [],
                "service_endpoints": []
              },
              {
                "address_prefixes": [
                  "10.0.4.0/24"
                ],
                "default_outbound_access_enabled": true,
                "delegation": [],
                "id": "/subscriptions/2c58f186-d2f5-4a88-b700-e54dd3526d6d/resourceGroups/rg-dev-mywebapp/providers/Microsoft.Network/virtualNetworks/vnet-dev-mywebapp/subnets/db-subnet",
                "name": "db-subnet",
                "private_endpoint_network_policies": "Disabled",
                "private_link_service_network_policies_enabled": true,
                "route_table_id": "",
                "security_group": "/subscriptions/2c58f186-d2f5-4a88-b700-e54dd3526d6d/resourceGroups/rg-dev-mywebapp/providers/Microsoft.Network/networkSecurityGroups/nsg-db-subnet",
                "service_endpoint_policy_ids": [],
                "service_endpoints": []
              }
            ],
            "tags": {},
            "timeouts": null
          },
          "sensitive_attributes": [],
          "identity_schema_version": 0,
          "private": "eyJlMmJmYjczMC1lY2FhLTExZTYtOGY4OC0zNDM2M2JjN2M0YzAiOnsiY3JlYXRlIjoxODAwMDAwMDAwMDAwLCJkZWxldGUiOjE4MDAwMDAwMDAwMDAsInJlYWQiOjMwMDAwMDAwMDAwMCwidXBkYXRlIjoxODAwMDAwMDAwMDAwfX0=",
          "dependencies": [
            "module.network.azurerm_resource_group.rg_webapp"
          ]
        }
      ]
    }
  ],
  "check_results": null
}
