{
  "version": 4,
  "terraform_version": "1.12.0",
  "serial": 56,
  "lineage": "c5974e66-b604-7236-bd0f-339f79a432ff",
  "outputs": {},
  "resources": [
    {
      "module": "module.network",
      "mode": "managed",
      "type": "azurerm_network_security_group",
      "name": "app_nsg",
      "provider": "provider[\"registry.terraform.io/hashicorp/azurerm\"]",
      "instances": [
        {
          "schema_version": 0,
          "attributes": {
            "id": "/subscriptions/2c58f186-d2f5-4a88-b700-e54dd3526d6d/resourceGroups/rg-dev-mywebapp/providers/Microsoft.Network/networkSecurityGroups/allow-22-80-443",
            "location": "eastus",
            "name": "allow-22-80-443",
            "resource_group_name": "rg-dev-mywebapp",
            "security_rule": [],
            "tags": null,
            "timeouts": null
          },
          "sensitive_attributes": [],
          "identity_schema_version": 0,
          "private": "eyJlMmJmYjczMC1lY2FhLTExZTYtOGY4OC0zNDM2M2JjN2M0YzAiOnsiY3JlYXRlIjoxODAwMDAwMDAwMDAwLCJkZWxldGUiOjE4MDAwMDAwMDAwMDAsInJlYWQiOjMwMDAwMDAwMDAwMCwidXBkYXRlIjoxODAwMDAwMDAwMDAwfX0=",
          "dependencies": [
            "module.network.azurerm_resource_group.app_rg"
          ]
        }
      ]
    },
    {
      "module": "module.network",
      "mode": "managed",
      "type": "azurerm_network_security_rule",
      "name": "app_nsg_rules",
      "provider": "provider[\"registry.terraform.io/hashicorp/azurerm\"]",
      "instances": [
        {
          "index_key": "http",
          "schema_version": 0,
          "attributes": {
            "access": "Allow",
            "description": "",
            "destination_address_prefix": "*",
            "destination_address_prefixes": null,
            "destination_application_security_group_ids": null,
            "destination_port_range": "80",
            "destination_port_ranges": null,
            "direction": "Inbound",
            "id": "/subscriptions/2c58f186-d2f5-4a88-b700-e54dd3526d6d/resourceGroups/rg-dev-mywebapp/providers/Microsoft.Network/networkSecurityGroups/allow-22-80-443/securityRules/allow-http",
            "name": "allow-http",
            "network_security_group_name": "allow-22-80-443",
            "priority": 100,
            "protocol": "*",
            "resource_group_name": "rg-dev-mywebapp",
            "source_address_prefix": "*",
            "source_address_prefixes": null,
            "source_application_security_group_ids": null,
            "source_port_range": "*",
            "source_port_ranges": null,
            "timeouts": null
          },
          "sensitive_attributes": [],
          "identity_schema_version": 0,
          "private": "eyJlMmJmYjczMC1lY2FhLTExZTYtOGY4OC0zNDM2M2JjN2M0YzAiOnsiY3JlYXRlIjoxODAwMDAwMDAwMDAwLCJkZWxldGUiOjE4MDAwMDAwMDAwMDAsInJlYWQiOjMwMDAwMDAwMDAwMCwidXBkYXRlIjoxODAwMDAwMDAwMDAwfX0=",
          "dependencies": [
            "module.network.azurerm_network_security_group.app_nsg",
            "module.network.azurerm_resource_group.app_rg"
          ]
        },
        {
          "index_key": "https",
          "schema_version": 0,
          "attributes": {
            "access": "Allow",
            "description": "",
            "destination_address_prefix": "*",
            "destination_address_prefixes": null,
            "destination_application_security_group_ids": null,
            "destination_port_range": "443",
            "destination_port_ranges": null,
            "direction": "Inbound",
            "id": "/subscriptions/2c58f186-d2f5-4a88-b700-e54dd3526d6d/resourceGroups/rg-dev-mywebapp/providers/Microsoft.Network/networkSecurityGroups/allow-22-80-443/securityRules/allow-https",
            "name": "allow-https",
            "network_security_group_name": "allow-22-80-443",
            "priority": 101,
            "protocol": "*",
            "resource_group_name": "rg-dev-mywebapp",
            "source_address_prefix": "*",
            "source_address_prefixes": null,
            "source_application_security_group_ids": null,
            "source_port_range": "*",
            "source_port_ranges": null,
            "timeouts": null
          },
          "sensitive_attributes": [],
          "identity_schema_version": 0,
          "private": "eyJlMmJmYjczMC1lY2FhLTExZTYtOGY4OC0zNDM2M2JjN2M0YzAiOnsiY3JlYXRlIjoxODAwMDAwMDAwMDAwLCJkZWxldGUiOjE4MDAwMDAwMDAwMDAsInJlYWQiOjMwMDAwMDAwMDAwMCwidXBkYXRlIjoxODAwMDAwMDAwMDAwfX0=",
          "dependencies": [
            "module.network.azurerm_network_security_group.app_nsg",
            "module.network.azurerm_resource_group.app_rg"
          ]
        },
        {
          "index_key": "ssh",
          "schema_version": 0,
          "attributes": {
            "access": "Allow",
            "description": "",
            "destination_address_prefix": "*",
            "destination_address_prefixes": null,
            "destination_application_security_group_ids": null,
            "destination_port_range": "22",
            "destination_port_ranges": null,
            "direction": "Inbound",
            "id": "/subscriptions/2c58f186-d2f5-4a88-b700-e54dd3526d6d/resourceGroups/rg-dev-mywebapp/providers/Microsoft.Network/networkSecurityGroups/allow-22-80-443/securityRules/allow-ssh",
            "name": "allow-ssh",
            "network_security_group_name": "allow-22-80-443",
            "priority": 102,
            "protocol": "*",
            "resource_group_name": "rg-dev-mywebapp",
            "source_address_prefix": "*",
            "source_address_prefixes": null,
            "source_application_security_group_ids": null,
            "source_port_range": "*",
            "source_port_ranges": null,
            "timeouts": null
          },
          "sensitive_attributes": [],
          "identity_schema_version": 0,
          "private": "eyJlMmJmYjczMC1lY2FhLTExZTYtOGY4OC0zNDM2M2JjN2M0YzAiOnsiY3JlYXRlIjoxODAwMDAwMDAwMDAwLCJkZWxldGUiOjE4MDAwMDAwMDAwMDAsInJlYWQiOjMwMDAwMDAwMDAwMCwidXBkYXRlIjoxODAwMDAwMDAwMDAwfX0=",
          "dependencies": [
            "module.network.azurerm_network_security_group.app_nsg",
            "module.network.azurerm_resource_group.app_rg"
          ]
        }
      ]
    },
    {
      "module": "module.network",
      "mode": "managed",
      "type": "azurerm_resource_group",
      "name": "app_rg",
      "provider": "provider[\"registry.terraform.io/hashicorp/azurerm\"]",
      "instances": [
        {
          "schema_version": 0,
          "attributes": {
            "id": "/subscriptions/2c58f186-d2f5-4a88-b700-e54dd3526d6d/resourceGroups/rg-dev-mywebapp",
            "location": "eastus",
            "managed_by": "",
            "name": "rg-dev-mywebapp",
            "tags": null,
            "timeouts": null
          },
          "sensitive_attributes": [],
          "identity_schema_version": 0,
          "private": "eyJlMmJmYjczMC1lY2FhLTExZTYtOGY4OC0zNDM2M2JjN2M0YzAiOnsiY3JlYXRlIjo1NDAwMDAwMDAwMDAwLCJkZWxldGUiOjU0MDAwMDAwMDAwMDAsInJlYWQiOjMwMDAwMDAwMDAwMCwidXBkYXRlIjo1NDAwMDAwMDAwMDAwfX0="
        }
      ]
    },
    {
      "module": "module.network",
      "mode": "managed",
      "type": "azurerm_subnet",
      "name": "app_subnets",
      "provider": "provider[\"registry.terraform.io/hashicorp/azurerm\"]",
      "instances": [
        {
          "index_key": "AzureBastionSubnet",
          "schema_version": 0,
          "attributes": {
            "address_prefixes": [
              "10.0.3.0/27"
            ],
            "default_outbound_access_enabled": true,
            "delegation": [],
            "id": "/subscriptions/2c58f186-d2f5-4a88-b700-e54dd3526d6d/resourceGroups/rg-dev-mywebapp/providers/Microsoft.Network/virtualNetworks/vnet-dev-mywebapp/subnets/AzureBastionSubnet",
            "name": "AzureBastionSubnet",
            "private_endpoint_network_policies": "Disabled",
            "private_link_service_network_policies_enabled": true,
            "resource_group_name": "rg-dev-mywebapp",
            "service_endpoint_policy_ids": null,
            "service_endpoints": null,
            "timeouts": null,
            "virtual_network_name": "vnet-dev-mywebapp"
          },
          "sensitive_attributes": [],
          "identity_schema_version": 0,
          "private": "eyJlMmJmYjczMC1lY2FhLTExZTYtOGY4OC0zNDM2M2JjN2M0YzAiOnsiY3JlYXRlIjoxODAwMDAwMDAwMDAwLCJkZWxldGUiOjE4MDAwMDAwMDAwMDAsInJlYWQiOjMwMDAwMDAwMDAwMCwidXBkYXRlIjoxODAwMDAwMDAwMDAwfX0=",
          "dependencies": [
            "module.network.azurerm_resource_group.app_rg",
            "module.network.azurerm_virtual_network.app_vnet"
          ]
        },
        {
          "index_key": "compute",
          "schema_version": 0,
          "attributes": {
            "address_prefixes": [
              "10.0.2.0/24"
            ],
            "default_outbound_access_enabled": true,
            "delegation": [],
            "id": "/subscriptions/2c58f186-d2f5-4a88-b700-e54dd3526d6d/resourceGroups/rg-dev-mywebapp/providers/Microsoft.Network/virtualNetworks/vnet-dev-mywebapp/subnets/compute",
            "name": "compute",
            "private_endpoint_network_policies": "Disabled",
            "private_link_service_network_policies_enabled": true,
            "resource_group_name": "rg-dev-mywebapp",
            "service_endpoint_policy_ids": null,
            "service_endpoints": null,
            "timeouts": null,
            "virtual_network_name": "vnet-dev-mywebapp"
          },
          "sensitive_attributes": [],
          "identity_schema_version": 0,
          "private": "eyJlMmJmYjczMC1lY2FhLTExZTYtOGY4OC0zNDM2M2JjN2M0YzAiOnsiY3JlYXRlIjoxODAwMDAwMDAwMDAwLCJkZWxldGUiOjE4MDAwMDAwMDAwMDAsInJlYWQiOjMwMDAwMDAwMDAwMCwidXBkYXRlIjoxODAwMDAwMDAwMDAwfX0=",
          "dependencies": [
            "module.network.azurerm_resource_group.app_rg",
            "module.network.azurerm_virtual_network.app_vnet"
          ]
        }
      ]
    },
    {
      "module": "module.network",
      "mode": "managed",
      "type": "azurerm_subnet_network_security_group_association",
      "name": "app_nsg_assocation",
      "provider": "provider[\"registry.terraform.io/hashicorp/azurerm\"]",
      "instances": [
        {
          "schema_version": 0,
          "attributes": {
            "id": "/subscriptions/2c58f186-d2f5-4a88-b700-e54dd3526d6d/resourceGroups/rg-dev-mywebapp/providers/Microsoft.Network/virtualNetworks/vnet-dev-mywebapp/subnets/compute",
            "network_security_group_id": "/subscriptions/2c58f186-d2f5-4a88-b700-e54dd3526d6d/resourceGroups/rg-dev-mywebapp/providers/Microsoft.Network/networkSecurityGroups/allow-22-80-443",
            "subnet_id": "/subscriptions/2c58f186-d2f5-4a88-b700-e54dd3526d6d/resourceGroups/rg-dev-mywebapp/providers/Microsoft.Network/virtualNetworks/vnet-dev-mywebapp/subnets/compute",
            "timeouts": null
          },
          "sensitive_attributes": [],
          "identity_schema_version": 0,
          "private": "eyJlMmJmYjczMC1lY2FhLTExZTYtOGY4OC0zNDM2M2JjN2M0YzAiOnsiY3JlYXRlIjoxODAwMDAwMDAwMDAwLCJkZWxldGUiOjE4MDAwMDAwMDAwMDAsInJlYWQiOjMwMDAwMDAwMDAwMH19",
          "dependencies": [
            "module.network.azurerm_network_security_group.app_nsg",
            "module.network.azurerm_resource_group.app_rg",
            "module.network.azurerm_subnet.app_subnets",
            "module.network.azurerm_virtual_network.app_vnet"
          ]
        }
      ]
    },
    {
      "module": "module.network",
      "mode": "managed",
      "type": "azurerm_virtual_network",
      "name": "app_vnet",
      "provider": "provider[\"registry.terraform.io/hashicorp/azurerm\"]",
      "instances": [
        {
          "schema_version": 0,
          "attributes": {
            "address_space": [
              "10.0.0.0/16"
            ],
            "bgp_community": "",
            "ddos_protection_plan": [],
            "dns_servers": [],
            "edge_zone": "",
            "encryption": [],
            "flow_timeout_in_minutes": 0,
            "guid": "94289fc0-72ac-42e8-8f8f-4221424cfb33",
            "id": "/subscriptions/2c58f186-d2f5-4a88-b700-e54dd3526d6d/resourceGroups/rg-dev-mywebapp/providers/Microsoft.Network/virtualNetworks/vnet-dev-mywebapp",
            "location": "eastus",
            "name": "vnet-dev-mywebapp",
            "private_endpoint_vnet_policies": "Disabled",
            "resource_group_name": "rg-dev-mywebapp",
            "subnet": [],
            "tags": null,
            "timeouts": null
          },
          "sensitive_attributes": [],
          "identity_schema_version": 0,
          "private": "eyJlMmJmYjczMC1lY2FhLTExZTYtOGY4OC0zNDM2M2JjN2M0YzAiOnsiY3JlYXRlIjoxODAwMDAwMDAwMDAwLCJkZWxldGUiOjE4MDAwMDAwMDAwMDAsInJlYWQiOjMwMDAwMDAwMDAwMCwidXBkYXRlIjoxODAwMDAwMDAwMDAwfX0=",
          "dependencies": [
            "module.network.azurerm_resource_group.app_rg"
          ]
        }
      ]
    }
  ],
  "check_results": null
}
